# THIS IS AN AUTOGENERATED FILE. DO NOT EDIT THIS FILE DIRECTLY.
# yarn lockfile v1


"@tauri-apps/cli-darwin-arm64@2.0.0-rc.7":
  version "2.0.0-rc.7"
  resolved "https://registry.yarnpkg.com/@tauri-apps/cli-darwin-arm64/-/cli-darwin-arm64-2.0.0-rc.7.tgz#f4b581e5b39753a991a3047c7a8f793a2674c720"
  integrity sha512-DUdO1TCj+cViFkOWtYotq4UNBGfHvl1xLK85n2rmpsCeveGxO9pf1CihOtADuVonHl6ETa9x/uaSTCMeMsKEbA==

"@tauri-apps/cli-darwin-x64@2.0.0-rc.7":
  version "2.0.0-rc.7"
  resolved "https://registry.yarnpkg.com/@tauri-apps/cli-darwin-x64/-/cli-darwin-x64-2.0.0-rc.7.tgz#dd0db378ca0ef3ca31794e5eb682b25ee82933e3"
  integrity sha512-T36ncxLyfgKBsPXdgCfw7WeOtHwDrfkvjJoovlBH5nAejlxZC4g4pYm7/Qvpc++FRmQhcHJXP8Y+fBOSEZrfog==

"@tauri-apps/cli-linux-arm-gnueabihf@2.0.0-rc.7":
  version "2.0.0-rc.7"
  resolved "https://registry.yarnpkg.com/@tauri-apps/cli-linux-arm-gnueabihf/-/cli-linux-arm-gnueabihf-2.0.0-rc.7.tgz#c3f369cd90d8bb76816314adb93005b511d0a35a"
  integrity sha512-afLBeWgpm++9oKsYNShqKsBCHLLgMJy+rodHIiUd9LB4VqjU/1bYfZdia0PxKjnEuOz27mG9Be5v0SDdsZsLww==

"@tauri-apps/cli-linux-arm64-gnu@2.0.0-rc.7":
  version "2.0.0-rc.7"
  resolved "https://registry.yarnpkg.com/@tauri-apps/cli-linux-arm64-gnu/-/cli-linux-arm64-gnu-2.0.0-rc.7.tgz#0fba0be82a261cd05e3f622e3e9db67ee2b20ea5"
  integrity sha512-sjT/URsuJ2ImJGe9fH0b8reewGq5R1E5t4DZRF0ZVpCpUC1yTpml0kuPWt4S0rGws/beRICPaZWW8OuColIFtQ==

"@tauri-apps/cli-linux-arm64-musl@2.0.0-rc.7":
  version "2.0.0-rc.7"
  resolved "https://registry.yarnpkg.com/@tauri-apps/cli-linux-arm64-musl/-/cli-linux-arm64-musl-2.0.0-rc.7.tgz#104d1eff19775bf02f75b89c369b548c4cb99b1c"
  integrity sha512-s7OG30ffEBKF5BiMEIVmtd/UNHC956ihEOfZYRJwBZ9cL8qoPLjEMZYMCGB/767M4igXy1bhKaVnl8pZpk+RNw==

"@tauri-apps/cli-linux-x64-gnu@2.0.0-rc.7":
  version "2.0.0-rc.7"
  resolved "https://registry.yarnpkg.com/@tauri-apps/cli-linux-x64-gnu/-/cli-linux-x64-gnu-2.0.0-rc.7.tgz#93ddc89ba857af34cfaab70742fbce3324062bff"
  integrity sha512-Qj9ibUvq2CwJE5JQ7M/DfOw44xcf59rUGsMGuku/bSKLPu6UXEFyUFjUURcnOgcZkq9o86no7ONoKdMxm4viKQ==

"@tauri-apps/cli-linux-x64-musl@2.0.0-rc.7":
  version "2.0.0-rc.7"
  resolved "https://registry.yarnpkg.com/@tauri-apps/cli-linux-x64-musl/-/cli-linux-x64-musl-2.0.0-rc.7.tgz#23ebd8bf9b627ef9cde9d78d229987fbd54fda76"
  integrity sha512-75ucw3b7MVnyVNvoW+xqB1N8VGjx1vqP7HshAs+p1fSkeCOy2NvtMP7t8pdRlGQ59exH6vGvnQ/LxC5HgDP2Xg==

"@tauri-apps/cli-win32-arm64-msvc@2.0.0-rc.7":
  version "2.0.0-rc.7"
  resolved "https://registry.yarnpkg.com/@tauri-apps/cli-win32-arm64-msvc/-/cli-win32-arm64-msvc-2.0.0-rc.7.tgz#04647bc7b06e86b5aed722ec89e08ef346f50809"
  integrity sha512-KaWY7kVbpmJCn5INtcPX+tji7CqwmqtGechith65VIlEUUs+KyOkMdmgbsJvqe0N58VMHLFzEVfx1xtlaKGDUA==

"@tauri-apps/cli-win32-ia32-msvc@2.0.0-rc.7":
  version "2.0.0-rc.7"
  resolved "https://registry.yarnpkg.com/@tauri-apps/cli-win32-ia32-msvc/-/cli-win32-ia32-msvc-2.0.0-rc.7.tgz#27bc34c30e04795edcee6031a7a4c3c64d3081ea"
  integrity sha512-J2xVw7gcP1JY1Pj6lE+MuAUKtanD7tXyjBD6W8R2S7sD06Job9PHoonOQhm/vWlhQVtRkWPNX7K7MXbdoI/Z9w==

"@tauri-apps/cli-win32-x64-msvc@2.0.0-rc.7":
  version "2.0.0-rc.7"
  resolved "https://registry.yarnpkg.com/@tauri-apps/cli-win32-x64-msvc/-/cli-win32-x64-msvc-2.0.0-rc.7.tgz#a893da9e87e982c33589d4a4ae43f274c83a8882"
  integrity sha512-0dQzFCUGjrpJBsj/JpV2XRUbH6nDbhW4NKpx6DUnFrwPe7YQwz2eexo7FAu2pLTW8HEPCPd0NvXGOCUrWM/klg==

"@tauri-apps/cli@>=2.0.0-rc.0":
  version "2.0.0-rc.7"
  resolved "https://registry.yarnpkg.com/@tauri-apps/cli/-/cli-2.0.0-rc.7.tgz#e8b106d691d8bcbf4eea592023ca8ee6f63643dd"
  integrity sha512-FdNcr75EIPfA69gWxpk3xv78og8CVbEa8ih2Rvp9k1tyAyryOth0Ps+jNEqP/WtfFwITWTYm4JqOubSCHoFjpQ==
  optionalDependencies:
    "@tauri-apps/cli-darwin-arm64" "2.0.0-rc.7"
    "@tauri-apps/cli-darwin-x64" "2.0.0-rc.7"
    "@tauri-apps/cli-linux-arm-gnueabihf" "2.0.0-rc.7"
    "@tauri-apps/cli-linux-arm64-gnu" "2.0.0-rc.7"
    "@tauri-apps/cli-linux-arm64-musl" "2.0.0-rc.7"
    "@tauri-apps/cli-linux-x64-gnu" "2.0.0-rc.7"
    "@tauri-apps/cli-linux-x64-musl" "2.0.0-rc.7"
    "@tauri-apps/cli-win32-arm64-msvc" "2.0.0-rc.7"
    "@tauri-apps/cli-win32-ia32-msvc" "2.0.0-rc.7"
    "@tauri-apps/cli-win32-x64-msvc" "2.0.0-rc.7"
